
Microsoft Visual Studio Solution File, Format Version 12.00
# Visual Studio Version 17
VisualStudioVersion = 17.14.36623.8 d17.14
MinimumVisualStudioVersion = 10.0.40219.1
Project("{FAE04EC0-301F-11D3-BF4B-00C04F79EFBC}") = "ProjetoPetcare", "ProjetoPetcare\ProjetoPetcare.csproj", "{F9133902-86E8-4F05-AD0C-D3BA5B16004A}"
EndProject
Global
	GlobalSection(SolutionConfigurationPlatforms) = preSolution
		Debug|Any CPU = Debug|Any CPU
		Release|Any CPU = Release|Any CPU
	EndGlobalSection
	GlobalSection(ProjectConfigurationPlatforms) = postSolution
		{F9133902-86E8-4F05-AD0C-D3BA5B16004A}.Debug|Any CPU.ActiveCfg = Debug|Any CPU
		{F9133902-86E8-4F05-AD0C-D3BA5B16004A}.Debug|Any CPU.Build.0 = Debug|Any CPU
		{F9133902-86E8-4F05-AD0C-D3BA5B16004A}.Release|Any CPU.ActiveCfg = Release|Any CPU
		{F9133902-86E8-4F05-AD0C-D3BA5B16004A}.Release|Any CPU.Build.0 = Release|Any CPU
	EndGlobalSection
	GlobalSection(SolutionProperties) = preSolution
		HideSolutionNode = FALSE
	EndGlobalSection
	GlobalSection(ExtensibilityGlobals) = postSolution
		SolutionGuid = {9BFCC2DF-136D-48F0-A385-3D80B85902C0}
	EndGlobalSection
EndGlobal
